{
    __meta__ = {
        version = "1.0"
    },
    ["windows|x64"] = {
        ["cmake#f56260b5"] = {
            repo = {
                branch = "master",
                commit = "9b9c5a8238c9833c929605d7819d0fab0dd269a8",
                url = "https://gitlab.com/tboox/xmake-repo.git"
            },
            version = "4.2.1"
        },
        ["directxmath#f56260b5"] = {
            repo = {
                branch = "master",
                commit = "9b9c5a8238c9833c929605d7819d0fab0dd269a8",
                url = "https://gitlab.com/tboox/xmake-repo.git"
            },
            version = "2024.02"
        },
        ["directxtk#f56260b5"] = {
            repo = {
                branch = "master",
                commit = "9b9c5a8238c9833c929605d7819d0fab0dd269a8",
                url = "https://gitlab.com/tboox/xmake-repo.git"
            },
            version = "24.2.0"
        },
        ["ninja#f56260b5"] = {
            repo = {
                branch = "master",
                commit = "9b9c5a8238c9833c929605d7819d0fab0dd269a8",
                url = "https://gitlab.com/tboox/xmake-repo.git"
            },
            version = "v1.13.1"
        },
        ["rapidcsv#f56260b5"] = {
            repo = {
                branch = "master",
                commit = "9b9c5a8238c9833c929605d7819d0fab0dd269a8",
                url = "https://gitlab.com/tboox/xmake-repo.git"
            },
            version = "v8.90"
        },
        ["spdlog#09c8c173"] = {
            repo = {
                branch = "master",
                commit = "9b9c5a8238c9833c929605d7819d0fab0dd269a8",
                url = "https://gitlab.com/tboox/xmake-repo.git"
            },
            version = "v1.17.0"
        },
        ["vcpkg::cpptoml#f56260b5"] = {
            version = "latest"
        },
        ["xbyak#f56260b5"] = {
            repo = {
                branch = "master",
                commit = "9b9c5a8238c9833c929605d7819d0fab0dd269a8",
                url = "https://gitlab.com/tboox/xmake-repo.git"
            },
            version = "v7.06"
        }
    }
}